
Microsoft Visual Studio Solution File, Format Version 12.00
# Visual Studio 15
VisualStudioVersion = 15.0.27703.2000
MinimumVisualStudioVersion = 10.0.40219.1
Project("{888888A0-9F3D-457C-B088-3A5042F75D52}") = "geemusic", "geemusic.pyproj", "{019C1C88-913B-47D3-8073-E0BCC6655243}"
EndProject
Project("{FAE04EC0-301F-11D3-BF4B-00C04F79EFBC}") = "Forward", "Forward\Forward.csproj", "{9CD5D5B0-7ECA-4E85-9C8F-2FAC32531713}"
EndProject
Global
	GlobalSection(SolutionConfigurationPlatforms) = preSolution
		Debug|Any CPU = Debug|Any CPU
		Release|Any CPU = Release|Any CPU
	EndGlobalSection
	GlobalSection(ProjectConfigurationPlatforms) = postSolution
		{019C1C88-913B-47D3-8073-E0BCC6655243}.Debug|Any CPU.ActiveCfg = Debug|Any CPU
		{019C1C88-913B-47D3-8073-E0BCC6655243}.Release|Any CPU.ActiveCfg = Release|Any CPU
		{9CD5D5B0-7ECA-4E85-9C8F-2FAC32531713}.Debug|Any CPU.ActiveCfg = Debug|Any CPU
		{9CD5D5B0-7ECA-4E85-9C8F-2FAC32531713}.Debug|Any CPU.Build.0 = Debug|Any CPU
		{9CD5D5B0-7ECA-4E85-9C8F-2FAC32531713}.Release|Any CPU.ActiveCfg = Release|Any CPU
		{9CD5D5B0-7ECA-4E85-9C8F-2FAC32531713}.Release|Any CPU.Build.0 = Release|Any CPU
	EndGlobalSection
	GlobalSection(SolutionProperties) = preSolution
		HideSolutionNode = FALSE
	EndGlobalSection
	GlobalSection(ExtensibilityGlobals) = postSolution
		SolutionGuid = {6FD3EE0C-5A3B-46F7-A35A-6FCC64885EE9}
	EndGlobalSection
EndGlobal
